{"is_source_file": false, "format": "", "description": "", "external_files": [], "external_methods": [], "published": [], "classes": [], "methods": [], "calls": [], "search-terms": [], "state": 2, "file_id": 28, "knowledge_revision": 98, "git_revision": "a7bcf60cc913af29e276ab2eb0a21cc6ce68dcd6", "hash": "e9b4c3b42cef0193b7fddb548d37e652", "format-version": 4, "code-base-name": "default", "filename": "synthwave_space_shooter/post_process_status.lock", "revision_history": [{"98": "a7bcf60cc913af29e276ab2eb0a21cc6ce68dcd6"}]}