{"is_source_file": false, "format": "", "description": "", "external_files": [], "external_methods": [], "published": [], "classes": [], "methods": [], "calls": [], "search-terms": [], "state": 2, "file_id": 18, "knowledge_revision": 36, "git_revision": "e4f7bbc50647c39649676a206b26d70706c7b5f3", "hash": "e9b4c3b42cef0193b7fddb548d37e652", "format-version": 4, "code-base-name": "default", "filename": "synthwave_space_shooter/post_process_status.lock", "revision_history": [{"36": "e4f7bbc50647c39649676a206b26d70706c7b5f3"}]}